
Microsoft Visual Studio Solution File, Format Version 12.00
# Visual Studio Version 17
VisualStudioVersion = 17.5.33530.505
MinimumVisualStudioVersion = 10.0.40219.1
Project("{FAE04EC0-301F-11D3-BF4B-00C04F79EFBC}") = "VehicleQuotes", "VehicleQuotes\VehicleQuotes.csproj", "{6CE3683E-226E-4896-8B2E-C6629BDCA915}"
EndProject
Global
	GlobalSection(SolutionConfigurationPlatforms) = preSolution
		Debug|Any CPU = Debug|Any CPU
		Release|Any CPU = Release|Any CPU
	EndGlobalSection
	GlobalSection(ProjectConfigurationPlatforms) = postSolution
		{6CE3683E-226E-4896-8B2E-C6629BDCA915}.Debug|Any CPU.ActiveCfg = Debug|Any CPU
		{6CE3683E-226E-4896-8B2E-C6629BDCA915}.Debug|Any CPU.Build.0 = Debug|Any CPU
		{6CE3683E-226E-4896-8B2E-C6629BDCA915}.Release|Any CPU.ActiveCfg = Release|Any CPU
		{6CE3683E-226E-4896-8B2E-C6629BDCA915}.Release|Any CPU.Build.0 = Release|Any CPU
	EndGlobalSection
	GlobalSection(SolutionProperties) = preSolution
		HideSolutionNode = FALSE
	EndGlobalSection
	GlobalSection(ExtensibilityGlobals) = postSolution
		SolutionGuid = {4774D81D-2696-43CD-8352-9BA5EEEBDA6E}
	EndGlobalSection
EndGlobal
